
Microsoft Visual Studio Solution File, Format Version 12.00
# Visual Studio Version 16
VisualStudioVersion = 16.0.29215.179
MinimumVisualStudioVersion = 10.0.40219.1
Project("{FAE04EC0-301F-11D3-BF4B-00C04F79EFBC}") = "WindowsFormsApp1", "WindowsFormsApp1\WindowsFormsApp1.csproj", "{36CCDAEF-48C5-4CA6-A884-83C31F898E15}"
EndProject
Global
	GlobalSection(SolutionConfigurationPlatforms) = preSolution
		Debug|Any CPU = Debug|Any CPU
		Release|Any CPU = Release|Any CPU
	EndGlobalSection
	GlobalSection(ProjectConfigurationPlatforms) = postSolution
		{36CCDAEF-48C5-4CA6-A884-83C31F898E15}.Debug|Any CPU.ActiveCfg = Debug|Any CPU
		{36CCDAEF-48C5-4CA6-A884-83C31F898E15}.Debug|Any CPU.Build.0 = Debug|Any CPU
		{36CCDAEF-48C5-4CA6-A884-83C31F898E15}.Release|Any CPU.ActiveCfg = Release|Any CPU
		{36CCDAEF-48C5-4CA6-A884-83C31F898E15}.Release|Any CPU.Build.0 = Release|Any CPU
	EndGlobalSection
	GlobalSection(SolutionProperties) = preSolution
		HideSolutionNode = FALSE
	EndGlobalSection
	GlobalSection(ExtensibilityGlobals) = postSolution
		SolutionGuid = {73EA11B8-3A0A-4E46-9D45-83E6FDBADCA5}
	EndGlobalSection
EndGlobal
